
Microsoft Visual Studio Solution File, Format Version 12.00
# Visual Studio Version 17
VisualStudioVersion = 17.14.36327.8 d17.14
MinimumVisualStudioVersion = 10.0.40219.1
Project("{FAE04EC0-301F-11D3-BF4B-00C04F79EFBC}") = "TemaParki.Console", "TemaParki.Console\TemaParki.Console.csproj", "{3711C74F-CB87-46AF-A453-C0E5B086C0C0}"
EndProject
Global
	GlobalSection(SolutionConfigurationPlatforms) = preSolution
		Debug|Any CPU = Debug|Any CPU
		Release|Any CPU = Release|Any CPU
	EndGlobalSection
	GlobalSection(ProjectConfigurationPlatforms) = postSolution
		{3711C74F-CB87-46AF-A453-C0E5B086C0C0}.Debug|Any CPU.ActiveCfg = Debug|Any CPU
		{3711C74F-CB87-46AF-A453-C0E5B086C0C0}.Debug|Any CPU.Build.0 = Debug|Any CPU
		{3711C74F-CB87-46AF-A453-C0E5B086C0C0}.Release|Any CPU.ActiveCfg = Release|Any CPU
		{3711C74F-CB87-46AF-A453-C0E5B086C0C0}.Release|Any CPU.Build.0 = Release|Any CPU
	EndGlobalSection
	GlobalSection(SolutionProperties) = preSolution
		HideSolutionNode = FALSE
	EndGlobalSection
	GlobalSection(ExtensibilityGlobals) = postSolution
		SolutionGuid = {ECED2547-2473-4AC1-ADE5-4A40D7AACD4B}
	EndGlobalSection
EndGlobal
